
Microsoft Visual Studio Solution File, Format Version 12.00
# Visual Studio Version 16
VisualStudioVersion = 16.0.31112.23
MinimumVisualStudioVersion = 10.0.40219.1
Project("{FAE04EC0-301F-11D3-BF4B-00C04F79EFBC}") = "Deftility", "Deftility\Deftility.csproj", "{EC9BAF76-6D63-4321-B107-836F0B8856A6}"
EndProject
Global
	GlobalSection(SolutionConfigurationPlatforms) = preSolution
		Debug|Any CPU = Debug|Any CPU
		Release|Any CPU = Release|Any CPU
	EndGlobalSection
	GlobalSection(ProjectConfigurationPlatforms) = postSolution
		{EC9BAF76-6D63-4321-B107-836F0B8856A6}.Debug|Any CPU.ActiveCfg = Debug|Any CPU
		{EC9BAF76-6D63-4321-B107-836F0B8856A6}.Debug|Any CPU.Build.0 = Debug|Any CPU
		{EC9BAF76-6D63-4321-B107-836F0B8856A6}.Release|Any CPU.ActiveCfg = Release|Any CPU
		{EC9BAF76-6D63-4321-B107-836F0B8856A6}.Release|Any CPU.Build.0 = Release|Any CPU
	EndGlobalSection
	GlobalSection(SolutionProperties) = preSolution
		HideSolutionNode = FALSE
	EndGlobalSection
	GlobalSection(ExtensibilityGlobals) = postSolution
		SolutionGuid = {1AA94BB9-2EF0-4371-9878-F3F745D51D36}
	EndGlobalSection
EndGlobal
